
Microsoft Visual Studio Solution File, Format Version 12.00
# Visual Studio Version 17
VisualStudioVersion = 17.5.33627.172
MinimumVisualStudioVersion = 10.0.40219.1
Project("{2150E333-8FDC-42A3-9474-1A3956D46DE8}") = "Services", "Services", "{C872EF3B-E00C-4B00-B1AF-552C7E5F92DF}"
EndProject
Project("{2150E333-8FDC-42A3-9474-1A3956D46DE8}") = "Book", "Book", "{C7D0D1B2-47A3-4596-92DC-92DDE9C74A5C}"
EndProject
Project("{2150E333-8FDC-42A3-9474-1A3956D46DE8}") = "Discount", "Discount", "{EA6B8F1D-DC35-4666-8440-2F686D4B85B7}"
EndProject
Project("{2150E333-8FDC-42A3-9474-1A3956D46DE8}") = "User", "User", "{5E889FD6-38E0-4EDF-BDD9-2576C3E8B8BF}"
EndProject
Project("{9A19103F-16F7-4668-BE54-9A1E7A4F7556}") = "Book.API", "Services\Book\Book.API\Book.API.csproj", "{0BBF44AE-545A-4C52-8A4C-D54983A07E2E}"
EndProject
Project("{9A19103F-16F7-4668-BE54-9A1E7A4F7556}") = "Discount.API", "Services\Discount\Discount.API\Discount.API.csproj", "{3FAF8938-AD95-4379-8B1C-461E485D4830}"
EndProject
Project("{9A19103F-16F7-4668-BE54-9A1E7A4F7556}") = "Discount.GRPC", "Services\Discount\Discount.GRPC\Discount.GRPC.csproj", "{E6258E19-1AC2-40DE-B081-C7810C247116}"
EndProject
Project("{9A19103F-16F7-4668-BE54-9A1E7A4F7556}") = "User.API", "Services\User\User.API\User.API.csproj", "{67BC4C20-94EB-4506-B1A4-E7C3D2436606}"
EndProject
Project("{E53339B2-1760-4266-BCC7-CA923CBCF16C}") = "docker-compose", "docker-compose.dcproj", "{2BBC9FFC-0063-41B0-B20F-7DDE68BE8CA6}"
EndProject
Global
	GlobalSection(SolutionConfigurationPlatforms) = preSolution
		Debug|Any CPU = Debug|Any CPU
		Release|Any CPU = Release|Any CPU
	EndGlobalSection
	GlobalSection(ProjectConfigurationPlatforms) = postSolution
		{0BBF44AE-545A-4C52-8A4C-D54983A07E2E}.Debug|Any CPU.ActiveCfg = Debug|Any CPU
		{0BBF44AE-545A-4C52-8A4C-D54983A07E2E}.Debug|Any CPU.Build.0 = Debug|Any CPU
		{0BBF44AE-545A-4C52-8A4C-D54983A07E2E}.Release|Any CPU.ActiveCfg = Release|Any CPU
		{0BBF44AE-545A-4C52-8A4C-D54983A07E2E}.Release|Any CPU.Build.0 = Release|Any CPU
		{3FAF8938-AD95-4379-8B1C-461E485D4830}.Debug|Any CPU.ActiveCfg = Debug|Any CPU
		{3FAF8938-AD95-4379-8B1C-461E485D4830}.Debug|Any CPU.Build.0 = Debug|Any CPU
		{3FAF8938-AD95-4379-8B1C-461E485D4830}.Release|Any CPU.ActiveCfg = Release|Any CPU
		{3FAF8938-AD95-4379-8B1C-461E485D4830}.Release|Any CPU.Build.0 = Release|Any CPU
		{E6258E19-1AC2-40DE-B081-C7810C247116}.Debug|Any CPU.ActiveCfg = Debug|Any CPU
		{E6258E19-1AC2-40DE-B081-C7810C247116}.Debug|Any CPU.Build.0 = Debug|Any CPU
		{E6258E19-1AC2-40DE-B081-C7810C247116}.Release|Any CPU.ActiveCfg = Release|Any CPU
		{E6258E19-1AC2-40DE-B081-C7810C247116}.Release|Any CPU.Build.0 = Release|Any CPU
		{67BC4C20-94EB-4506-B1A4-E7C3D2436606}.Debug|Any CPU.ActiveCfg = Debug|Any CPU
		{67BC4C20-94EB-4506-B1A4-E7C3D2436606}.Debug|Any CPU.Build.0 = Debug|Any CPU
		{67BC4C20-94EB-4506-B1A4-E7C3D2436606}.Release|Any CPU.ActiveCfg = Release|Any CPU
		{67BC4C20-94EB-4506-B1A4-E7C3D2436606}.Release|Any CPU.Build.0 = Release|Any CPU
		{2BBC9FFC-0063-41B0-B20F-7DDE68BE8CA6}.Debug|Any CPU.ActiveCfg = Debug|Any CPU
		{2BBC9FFC-0063-41B0-B20F-7DDE68BE8CA6}.Debug|Any CPU.Build.0 = Debug|Any CPU
		{2BBC9FFC-0063-41B0-B20F-7DDE68BE8CA6}.Release|Any CPU.ActiveCfg = Release|Any CPU
		{2BBC9FFC-0063-41B0-B20F-7DDE68BE8CA6}.Release|Any CPU.Build.0 = Release|Any CPU
	EndGlobalSection
	GlobalSection(SolutionProperties) = preSolution
		HideSolutionNode = FALSE
	EndGlobalSection
	GlobalSection(NestedProjects) = preSolution
		{C7D0D1B2-47A3-4596-92DC-92DDE9C74A5C} = {C872EF3B-E00C-4B00-B1AF-552C7E5F92DF}
		{EA6B8F1D-DC35-4666-8440-2F686D4B85B7} = {C872EF3B-E00C-4B00-B1AF-552C7E5F92DF}
		{5E889FD6-38E0-4EDF-BDD9-2576C3E8B8BF} = {C872EF3B-E00C-4B00-B1AF-552C7E5F92DF}
		{0BBF44AE-545A-4C52-8A4C-D54983A07E2E} = {C7D0D1B2-47A3-4596-92DC-92DDE9C74A5C}
		{3FAF8938-AD95-4379-8B1C-461E485D4830} = {EA6B8F1D-DC35-4666-8440-2F686D4B85B7}
		{E6258E19-1AC2-40DE-B081-C7810C247116} = {EA6B8F1D-DC35-4666-8440-2F686D4B85B7}
		{67BC4C20-94EB-4506-B1A4-E7C3D2436606} = {5E889FD6-38E0-4EDF-BDD9-2576C3E8B8BF}
	EndGlobalSection
	GlobalSection(ExtensibilityGlobals) = postSolution
		SolutionGuid = {827C98DC-F7C6-4C49-A2B1-212E537F4B2A}
	EndGlobalSection
EndGlobal
